lockfileVersion: '6.0'

settings:
  autoInstallPeers: true
  excludeLinksFromLockfile: false

dependencies:
  pnpm:
    specifier: ^8.6.10
    version: registry.npmmirror.com/pnpm@8.6.10

packages:

  registry.npmmirror.com/pnpm@8.6.10:
    resolution: {integrity: sha512-EBlPdgrAqmIDK6lflNm8M4lueWGM4PKJIDngt6vJ1+fmzh3e0482tg52nUjiuGvkzZ2sngA181GLqknXhAHgIg==, registry: https://registry.npm.taobao.org/, tarball: https://registry.npmmirror.com/pnpm/-/pnpm-8.6.10.tgz}
    name: pnpm
    version: 8.6.10
    engines: {node: '>=16.14'}
    hasBin: true
    dev: false
